
Microsoft Visual Studio Solution File, Format Version 12.00
# Visual Studio Version 16
VisualStudioVersion = 16.0.31025.194
MinimumVisualStudioVersion = 10.0.40219.1
Project("{FAE04EC0-301F-11D3-BF4B-00C04F79EFBC}") = "winforms-dependency-injection", "winforms-dependency-injection.csproj", "{02B5F7D5-D2E8-4E3E-8800-6B3D2D485FC4}"
EndProject
Global
	GlobalSection(SolutionConfigurationPlatforms) = preSolution
		Debug|Any CPU = Debug|Any CPU
		Release|Any CPU = Release|Any CPU
	EndGlobalSection
	GlobalSection(ProjectConfigurationPlatforms) = postSolution
		{02B5F7D5-D2E8-4E3E-8800-6B3D2D485FC4}.Debug|Any CPU.ActiveCfg = Debug|Any CPU
		{02B5F7D5-D2E8-4E3E-8800-6B3D2D485FC4}.Debug|Any CPU.Build.0 = Debug|Any CPU
		{02B5F7D5-D2E8-4E3E-8800-6B3D2D485FC4}.Release|Any CPU.ActiveCfg = Release|Any CPU
		{02B5F7D5-D2E8-4E3E-8800-6B3D2D485FC4}.Release|Any CPU.Build.0 = Release|Any CPU
	EndGlobalSection
	GlobalSection(SolutionProperties) = preSolution
		HideSolutionNode = FALSE
	EndGlobalSection
	GlobalSection(ExtensibilityGlobals) = postSolution
		SolutionGuid = {867B3379-FF95-4A0F-976C-589AF70D8241}
	EndGlobalSection
EndGlobal
